PODS:
  - HYProgressHUD (0.2.0):
    - MBProgressHUD (~> 1.0.0)
  - MBProgressHUD (1.0.0)

DEPENDENCIES:
  - HYProgressHUD (from `../`)

EXTERNAL SOURCES:
  HYProgressHUD:
    :path: "../"

SPEC CHECKSUMS:
  HYProgressHUD: d832f5441a2c2739c37c282956316d358282cb4a
  MBProgressHUD: 4890f671c94e8a0f3cf959aa731e9de2f036d71a

PODFILE CHECKSUM: 05b7ac2c4ae1a31acbd4d20569118322d278b016

COCOAPODS: 1.1.0.beta.1
